// !$*UTF8*$!
{
	archiveVersion = 1;
	classes = {
	};
	objectVersion = 46;
	objects = {

/* Begin PBXBuildFile section */
		7C1937551D8875810018DDD2 /* AppDelegate.swift in Sources */ = {isa = PBXBuildFile; fileRef = 7C1937541D8875810018DDD2 /* AppDelegate.swift */; };
		7C1937571D8875810018DDD2 /* ViewController.swift in Sources */ = {isa = PBXBuildFile; fileRef = 7C1937561D8875810018DDD2 /* ViewController.swift */; };
		7C19375A1D8875810018DDD2 /* Main.storyboard in Resources */ = {isa = PBXBuildFile; fileRef = 7C1937581D8875810018DDD2 /* Main.storyboard */; };
		7C19375C1D8875810018DDD2 /* Assets.xcassets in Resources */ = {isa = PBXBuildFile; fileRef = 7C19375B1D8875810018DDD2 /* Assets.xcassets */; };
		7C19375F1D8875810018DDD2 /* LaunchScreen.storyboard in Resources */ = {isa = PBXBuildFile; fileRef = 7C19375D1D8875810018DDD2 /* LaunchScreen.storyboard */; };
/* End PBXBuildFile section */

/* Begin PBXFileReference section */
		7C1937511D8875810018DDD2 /* pushnotis.app */ = {isa = PBXFileReference; explicitFileType = wrapper.application; includeInIndex = 0; path = pushnotis.app; sourceTree = BUILT_PRODUCTS_DIR; };
		7C1937541D8875810018DDD2 /* AppDelegate.swift */ = {isa = PBXFileReference; lastKnownFileType = sourcecode.swift; path = AppDelegate.swift; sourceTree = "<group>"; };
		7C1937561D8875810018DDD2 /* ViewController.swift */ = {isa = PBXFileReference; lastKnownFileType = sourcecode.swift; path = ViewController.swift; sourceTree = "<group>"; };
		7C1937591D8875810018DDD2 /* Base */ = {isa = PBXFileReference; lastKnownFileType = file.storyboard; name = Base; path = Base.lproj/Main.storyboard; sourceTree = "<group>"; };
		7C19375B1D8875810018DDD2 /* Assets.xcassets */ = {isa = PBXFileReference; lastKnownFileType = folder.assetcatalog; path = Assets.xcassets; sourceTree = "<group>"; };
		7C19375E1D8875810018DDD2 /* Base */ = {isa = PBXFileReference; lastKnownFileType = file.storyboard; name = Base; path = Base.lproj/LaunchScreen.storyboard; sourceTree = "<group>"; };
		7C1937601D8875810018DDD2 /* Info.plist */ = {isa = PBXFileReference; lastKnownFileType = text.plist.xml; path = Info.plist; sourceTree = "<group>"; };
		7C1937661D8876A50018DDD2 /* pushnotis.entitlements */ = {isa = PBXFileReference; lastKnownFileType = text.plist.entitlements; path = pushnotis.entitlements; sourceTree = "<group>"; };
/* End PBXFileReference section */

/* Begin PBXFrameworksBuildPhase section */
		7C19374E1D8875810018DDD2 /* Frameworks */ = {
			isa = PBXFrameworksBuildPhase;
			buildActionMask = 2147483647;
			files = (
			);
			runOnlyForDeploymentPostprocessing = 0;
		};
/* End PBXFrameworksBuildPhase section */

/* Begin PBXGroup section */
		7C1937481D8875810018DDD2 = {
			isa = PBXGroup;
			children = (
				7C1937531D8875810018DDD2 /* pushnotis */,
				7C1937521D8875810018DDD2 /* Products */,
			);
			sourceTree = "<group>";
		};
		7C1937521D8875810018DDD2 /* Products */ = {
			isa = PBXGroup;
			children = (
				7C1937511D8875810018DDD2 /* pushnotis.app */,
			);
			name = Products;
			sourceTree = "<group>";
		};
		7C1937531D8875810018DDD2 /* pushnotis */ = {
			isa = PBXGroup;
			children = (
				7C1937661D8876A50018DDD2 /* pushnotis.entitlements */,
				7C1937541D8875810018DDD2 /* AppDelegate.swift */,
				7C1937561D8875810018DDD2 /* ViewController.swift */,
				7C1937581D8875810018DDD2 /* Main.storyboard */,
				7C19375B1D8875810018DDD2 /* Assets.xcassets */,
				7C19375D1D8875810018DDD2 /* LaunchScreen.storyboard */,
				7C1937601D8875810018DDD2 /* Info.plist */,
			);
			path = pushnotis;
			sourceTree = "<group>";
		};
/* End PBXGroup section */

/* Begin PBXNativeTarget section */
		7C1937501D8875810018DDD2 /* pushnotis */ = {
			isa = PBXNativeTarget;
			buildConfigurationList = 7C1937631D8875810018DDD2 /* Build configuration list for PBXNativeTarget "pushnotis" */;
			buildPhases = (
				7C19374D1D8875810018DDD2 /* Sources */,
				7C19374E1D8875810018DDD2 /* Frameworks */,
				7C19374F1D8875810018DDD2 /* Resources */,
			);
			buildRules = (
			);
			dependencies = (
			);
			name = pushnotis;
			productName = pushnotis;
			productReference = 7C1937511D8875810018DDD2 /* pushnotis.app */;
			productType = "com.apple.product-type.application";
		};
/* End PBXNativeTarget section */

/* Begin PBXProject section */
		7C1937491D8875810018DDD2 /* Project object */ = {
			isa = PBXProject;
			attributes = {
				LastSwiftUpdateCheck = 0800;
				LastUpgradeCheck = 0800;
				ORGANIZATIONNAME = "Eakkasit Tunsakool";
				TargetAttributes = {
					7C1937501D8875810018DDD2 = {
						CreatedOnToolsVersion = 8.0;
						DevelopmentTeam = XXXHT7H8YN;
						ProvisioningStyle = Automatic;
						SystemCapabilities = {
							com.apple.Push = {
								enabled = 1;
							};
						};
					};
				};
			};
			buildConfigurationList = 7C19374C1D8875810018DDD2 /* Build configuration list for PBXProject "pushnotis" */;
			compatibilityVersion = "Xcode 3.2";
			developmentRegion = English;
			hasScannedForEncodings = 0;
			knownRegions = (
				en,
				Base,
			);
			mainGroup = 7C1937481D8875810018DDD2;
			productRefGroup = 7C1937521D8875810018DDD2 /* Products */;
			projectDirPath = "";
			projectRoot = "";
			targets = (
				7C1937501D8875810018DDD2 /* pushnotis */,
			);
		};
/* End PBXProject section */

/* Begin PBXResourcesBuildPhase section */
		7C19374F1D8875810018DDD2 /* Resources */ = {
			isa = PBXResourcesBuildPhase;
			buildActionMask = 2147483647;
			files = (
				7C19375F1D8875810018DDD2 /* LaunchScreen.storyboard in Resources */,
				7C19375C1D8875810018DDD2 /* Assets.xcassets in Resources */,
				7C19375A1D8875810018DDD2 /* Main.storyboard in Resources */,
			);
			runOnlyForDeploymentPostprocessing = 0;
		};
/* End PBXResourcesBuildPhase section */

/* Begin PBXSourcesBuildPhase section */
		7C19374D1D8875810018DDD2 /* Sources */ = {
			isa = PBXSourcesBuildPhase;
			buildActionMask = 2147483647;
			files = (
				7C1937571D8875810018DDD2 /* ViewController.swift in Sources */,
				7C1937551D8875810018DDD2 /* AppDelegate.swift in Sources */,
			);
			runOnlyForDeploymentPostprocessing = 0;
		};
/* End PBXSourcesBuildPhase section */

/* Begin PBXVariantGroup section */
		7C1937581D8875810018DDD2 /* Main.storyboard */ = {
			isa = PBXVariantGroup;
			children = (
				7C1937591D8875810018DDD2 /* Base */,
			);
			name = Main.storyboard;
			sourceTree = "<group>";
		};
		7C19375D1D8875810018DDD2 /* LaunchScreen.storyboard */ = {
			isa = PBXVariantGroup;
			children = (
				7C19375E1D8875810018DDD2 /* Base */,
			);
			name = LaunchScreen.storyboard;
			sourceTree = "<group>";
		};
/* End PBXVariantGroup section */

/* Begin XCBuildConfiguration section */
		7C1937611D8875810018DDD2 /* Debug */ = {
			isa = XCBuildConfiguration;
			buildSettings = {
				ALWAYS_SEARCH_USER_PATHS = NO;
				CLANG_ANALYZER_NONNULL = YES;
				CLANG_CXX_LANGUAGE_STANDARD = "gnu++0x";
				CLANG_CXX_LIBRARY = "libc++";
				CLANG_ENABLE_MODULES = YES;
				CLANG_ENABLE_OBJC_ARC = YES;
				CLANG_WARN_BOOL_CONVERSION = YES;
				CLANG_WARN_CONSTANT_CONVERSION = YES;
				CLANG_WARN_DIRECT_OBJC_ISA_USAGE = YES_ERROR;
				CLANG_WARN_DOCUMENTATION_COMMENTS = YES;
				CLANG_WARN_EMPTY_BODY = YES;
				CLANG_WARN_ENUM_CONVERSION = YES;
				CLANG_WARN_INFINITE_RECURSION = YES;
				CLANG_WARN_INT_CONVERSION = YES;
				CLANG_WARN_OBJC_ROOT_CLASS = YES_ERROR;
				CLANG_WARN_SUSPICIOUS_MOVES = YES;
				CLANG_WARN_UNREACHABLE_CODE = YES;
				CLANG_WARN__DUPLICATE_METHOD_MATCH = YES;
				"CODE_SIGN_IDENTITY[sdk=iphoneos*]" = "iPhone Developer";
				COPY_PHASE_STRIP = NO;
				DEBUG_INFORMATION_FORMAT = dwarf;
				ENABLE_STRICT_OBJC_MSGSEND = YES;
				ENABLE_TESTABILITY = YES;
				GCC_C_LANGUAGE_STANDARD = gnu99;
				GCC_DYNAMIC_NO_PIC = NO;
				GCC_NO_COMMON_BLOCKS = YES;
				GCC_OPTIMIZATION_LEVEL = 0;
				GCC_PREPROCESSOR_DEFINITIONS = (
					"DEBUG=1",
					"$(inherited)",
				);
				GCC_WARN_64_TO_32_BIT_CONVERSION = YES;
				GCC_WARN_ABOUT_RETURN_TYPE = YES_ERROR;
				GCC_WARN_UNDECLARED_SELECTOR = YES;
				GCC_WARN_UNINITIALIZED_AUTOS = YES_AGGRESSIVE;
				GCC_WARN_UNUSED_FUNCTION = YES;
				GCC_WARN_UNUSED_VARIABLE = YES;
				IPHONEOS_DEPLOYMENT_TARGET = 10.0;
				MTL_ENABLE_DEBUG_INFO = YES;
				ONLY_ACTIVE_ARCH = YES;
				SDKROOT = iphoneos;
				SWIFT_ACTIVE_COMPILATION_CONDITIONS = DEBUG;
				SWIFT_OPTIMIZATION_LEVEL = "-Onone";
			};
			name = Debug;
		};
		7C1937621D8875810018DDD2 /* Release */ = {
			isa = XCBuildConfiguration;
			buildSettings = {
				ALWAYS_SEARCH_USER_PATHS = NO;
				CLANG_ANALYZER_NONNULL = YES;
				CLANG_CXX_LANGUAGE_STANDARD = "gnu++0x";
				CLANG_CXX_LIBRARY = "libc++";
				CLANG_ENABLE_MODULES = YES;
				CLANG_ENABLE_OBJC_ARC = YES;
				CLANG_WARN_BOOL_CONVERSION = YES;
				CLANG_WARN_CONSTANT_CONVERSION = YES;
				CLANG_WARN_DIRECT_OBJC_ISA_USAGE = YES_ERROR;
				CLANG_WARN_DOCUMENTATION_COMMENTS = YES;
				CLANG_WARN_EMPTY_BODY = YES;
				CLANG_WARN_ENUM_CONVERSION = YES;
				CLANG_WARN_INFINITE_RECURSION = YES;
				CLANG_WARN_INT_CONVERSION = YES;
				CLANG_WARN_OBJC_ROOT_CLASS = YES_ERROR;
				CLANG_WARN_SUSPICIOUS_MOVES = YES;
				CLANG_WARN_UNREACHABLE_CODE = YES;
				CLANG_WARN__DUPLICATE_METHOD_MATCH = YES;
				"CODE_SIGN_IDENTITY[sdk=iphoneos*]" = "iPhone Developer";
				COPY_PHASE_STRIP = NO;
				DEBUG_INFORMATION_FORMAT = "dwarf-with-dsym";
				ENABLE_NS_ASSERTIONS = NO;
				ENABLE_STRICT_OBJC_MSGSEND = YES;
				GCC_C_LANGUAGE_STANDARD = gnu99;
				GCC_NO_COMMON_BLOCKS = YES;
				GCC_WARN_64_TO_32_BIT_CONVERSION = YES;
				GCC_WARN_ABOUT_RETURN_TYPE = YES_ERROR;
				GCC_WARN_UNDECLARED_SELECTOR = YES;
				GCC_WARN_UNINITIALIZED_AUTOS = YES_AGGRESSIVE;
				GCC_WARN_UNUSED_FUNCTION = YES;
				GCC_WARN_UNUSED_VARIABLE = YES;
				IPHONEOS_DEPLOYMENT_TARGET = 10.0;
				MTL_ENABLE_DEBUG_INFO = NO;
				SDKROOT = iphoneos;
				SWIFT_OPTIMIZATION_LEVEL = "-Owholemodule";
				VALIDATE_PRODUCT = YES;
			};
			name = Release;
		};
		7C1937641D8875810018DDD2 /* Debug */ = {
			isa = XCBuildConfiguration;
			buildSettings = {
				ASSETCATALOG_COMPILER_APPICON_NAME = AppIcon;
				CODE_SIGN_ENTITLEMENTS = pushnotis/pushnotis.entitlements;
				"CODE_SIGN_IDENTITY[sdk=iphoneos*]" = "iPhone Developer: Eakkasit Tunsakool (5V9XH3HDED)";
				DEVELOPMENT_TEAM = XXXHT7H8YN;
				INFOPLIST_FILE = pushnotis/Info.plist;
				IPHONEOS_DEPLOYMENT_TARGET = 9.3;
				LD_RUNPATH_SEARCH_PATHS = "$(inherited) @executable_path/Frameworks";
				PRODUCT_BUNDLE_IDENTIFIER = com.giant9.pushnotis;
				PRODUCT_NAME = "$(TARGET_NAME)";
				SWIFT_VERSION = 3.0;
			};
			name = Debug;
		};
		7C1937651D8875810018DDD2 /* Release */ = {
			isa = XCBuildConfiguration;
			buildSettings = {
				ASSETCATALOG_COMPILER_APPICON_NAME = AppIcon;
				CODE_SIGN_ENTITLEMENTS = pushnotis/pushnotis.entitlements;
				CODE_SIGN_IDENTITY = "iPhone Developer: Eakkasit Tunsakool (5V9XH3HDED)";
				DEVELOPMENT_TEAM = XXXHT7H8YN;
				INFOPLIST_FILE = pushnotis/Info.plist;
				IPHONEOS_DEPLOYMENT_TARGET = 9.3;
				LD_RUNPATH_SEARCH_PATHS = "$(inherited) @executable_path/Frameworks";
				PRODUCT_BUNDLE_IDENTIFIER = com.giant9.pushnotis;
				PRODUCT_NAME = "$(TARGET_NAME)";
				SWIFT_VERSION = 3.0;
			};
			name = Release;
		};
/* End XCBuildConfiguration section */

/* Begin XCConfigurationList section */
		7C19374C1D8875810018DDD2 /* Build configuration list for PBXProject "pushnotis" */ = {
			isa = XCConfigurationList;
			buildConfigurations = (
				7C1937611D8875810018DDD2 /* Debug */,
				7C1937621D8875810018DDD2 /* Release */,
			);
			defaultConfigurationIsVisible = 0;
			defaultConfigurationName = Release;
		};
		7C1937631D8875810018DDD2 /* Build configuration list for PBXNativeTarget "pushnotis" */ = {
			isa = XCConfigurationList;
			buildConfigurations = (
				7C1937641D8875810018DDD2 /* Debug */,
				7C1937651D8875810018DDD2 /* Release */,
			);
			defaultConfigurationIsVisible = 0;
			defaultConfigurationName = Release;
		};
/* End XCConfigurationList section */
	};
	rootObject = 7C1937491D8875810018DDD2 /* Project object */;
}
