// !$*UTF8*$!
{
	archiveVersion = 1;
	classes = {
	};
	objectVersion = 46;
	objects = {

/* Begin PBXBuildFile section */
		357A4E581D636F8900CF6BD8 /* AppDelegate.swift in Sources */ = {isa = PBXBuildFile; fileRef = 357A4E571D636F8900CF6BD8 /* AppDelegate.swift */; };
		357A4E5A1D636F8900CF6BD8 /* ViewController.swift in Sources */ = {isa = PBXBuildFile; fileRef = 357A4E591D636F8900CF6BD8 /* ViewController.swift */; };
		357A4E5D1D636F8900CF6BD8 /* Main.storyboard in Resources */ = {isa = PBXBuildFile; fileRef = 357A4E5B1D636F8900CF6BD8 /* Main.storyboard */; };
		357A4E5F1D636F8900CF6BD8 /* Assets.xcassets in Resources */ = {isa = PBXBuildFile; fileRef = 357A4E5E1D636F8900CF6BD8 /* Assets.xcassets */; };
		357A4E621D636F8900CF6BD8 /* LaunchScreen.storyboard in Resources */ = {isa = PBXBuildFile; fileRef = 357A4E601D636F8900CF6BD8 /* LaunchScreen.storyboard */; };
		357A4E6E1D6370F100CF6BD8 /* MYClass.swift in Sources */ = {isa = PBXBuildFile; fileRef = 357A4E6D1D6370F100CF6BD8 /* MYClass.swift */; };
/* End PBXBuildFile section */

/* Begin PBXFileReference section */
		357A4E541D636F8900CF6BD8 /* projectB.app */ = {isa = PBXFileReference; explicitFileType = wrapper.application; includeInIndex = 0; path = projectB.app; sourceTree = BUILT_PRODUCTS_DIR; };
		357A4E571D636F8900CF6BD8 /* AppDelegate.swift */ = {isa = PBXFileReference; lastKnownFileType = sourcecode.swift; path = AppDelegate.swift; sourceTree = "<group>"; };
		357A4E591D636F8900CF6BD8 /* ViewController.swift */ = {isa = PBXFileReference; lastKnownFileType = sourcecode.swift; path = ViewController.swift; sourceTree = "<group>"; };
		357A4E5C1D636F8900CF6BD8 /* Base */ = {isa = PBXFileReference; lastKnownFileType = file.storyboard; name = Base; path = Base.lproj/Main.storyboard; sourceTree = "<group>"; };
		357A4E5E1D636F8900CF6BD8 /* Assets.xcassets */ = {isa = PBXFileReference; lastKnownFileType = folder.assetcatalog; path = Assets.xcassets; sourceTree = "<group>"; };
		357A4E611D636F8900CF6BD8 /* Base */ = {isa = PBXFileReference; lastKnownFileType = file.storyboard; name = Base; path = Base.lproj/LaunchScreen.storyboard; sourceTree = "<group>"; };
		357A4E631D636F8900CF6BD8 /* Info.plist */ = {isa = PBXFileReference; lastKnownFileType = text.plist.xml; path = Info.plist; sourceTree = "<group>"; };
		357A4E6D1D6370F100CF6BD8 /* MYClass.swift */ = {isa = PBXFileReference; fileEncoding = 4; lastKnownFileType = sourcecode.swift; name = MYClass.swift; path = ../../MYClass.swift; sourceTree = "<group>"; };
/* End PBXFileReference section */

/* Begin PBXFrameworksBuildPhase section */
		357A4E511D636F8900CF6BD8 /* Frameworks */ = {
			isa = PBXFrameworksBuildPhase;
			buildActionMask = 2147483647;
			files = (
			);
			runOnlyForDeploymentPostprocessing = 0;
		};
/* End PBXFrameworksBuildPhase section */

/* Begin PBXGroup section */
		357A4E4B1D636F8900CF6BD8 = {
			isa = PBXGroup;
			children = (
				357A4E561D636F8900CF6BD8 /* projectB */,
				357A4E551D636F8900CF6BD8 /* Products */,
			);
			sourceTree = "<group>";
		};
		357A4E551D636F8900CF6BD8 /* Products */ = {
			isa = PBXGroup;
			children = (
				357A4E541D636F8900CF6BD8 /* projectB.app */,
			);
			name = Products;
			sourceTree = "<group>";
		};
		357A4E561D636F8900CF6BD8 /* projectB */ = {
			isa = PBXGroup;
			children = (
				357A4E571D636F8900CF6BD8 /* AppDelegate.swift */,
				357A4E591D636F8900CF6BD8 /* ViewController.swift */,
				357A4E6D1D6370F100CF6BD8 /* MYClass.swift */,
				357A4E5B1D636F8900CF6BD8 /* Main.storyboard */,
				357A4E5E1D636F8900CF6BD8 /* Assets.xcassets */,
				357A4E601D636F8900CF6BD8 /* LaunchScreen.storyboard */,
				357A4E631D636F8900CF6BD8 /* Info.plist */,
			);
			path = projectB;
			sourceTree = "<group>";
		};
/* End PBXGroup section */

/* Begin PBXNativeTarget section */
		357A4E531D636F8900CF6BD8 /* projectB */ = {
			isa = PBXNativeTarget;
			buildConfigurationList = 357A4E661D636F8900CF6BD8 /* Build configuration list for PBXNativeTarget "projectB" */;
			buildPhases = (
				357A4E501D636F8900CF6BD8 /* Sources */,
				357A4E511D636F8900CF6BD8 /* Frameworks */,
				357A4E521D636F8900CF6BD8 /* Resources */,
			);
			buildRules = (
			);
			dependencies = (
			);
			name = projectB;
			productName = projectB;
			productReference = 357A4E541D636F8900CF6BD8 /* projectB.app */;
			productType = "com.apple.product-type.application";
		};
/* End PBXNativeTarget section */

/* Begin PBXProject section */
		357A4E4C1D636F8900CF6BD8 /* Project object */ = {
			isa = PBXProject;
			attributes = {
				LastSwiftUpdateCheck = 0800;
				LastUpgradeCheck = 0800;
				ORGANIZATIONNAME = "Eakkasit Tunsakool";
				TargetAttributes = {
					357A4E531D636F8900CF6BD8 = {
						CreatedOnToolsVersion = 8.0;
						DevelopmentTeam = XXXHT7H8YN;
						ProvisioningStyle = Automatic;
					};
				};
			};
			buildConfigurationList = 357A4E4F1D636F8900CF6BD8 /* Build configuration list for PBXProject "projectB" */;
			compatibilityVersion = "Xcode 3.2";
			developmentRegion = English;
			hasScannedForEncodings = 0;
			knownRegions = (
				en,
				Base,
			);
			mainGroup = 357A4E4B1D636F8900CF6BD8;
			productRefGroup = 357A4E551D636F8900CF6BD8 /* Products */;
			projectDirPath = "";
			projectRoot = "";
			targets = (
				357A4E531D636F8900CF6BD8 /* projectB */,
			);
		};
/* End PBXProject section */

/* Begin PBXResourcesBuildPhase section */
		357A4E521D636F8900CF6BD8 /* Resources */ = {
			isa = PBXResourcesBuildPhase;
			buildActionMask = 2147483647;
			files = (
				357A4E621D636F8900CF6BD8 /* LaunchScreen.storyboard in Resources */,
				357A4E5F1D636F8900CF6BD8 /* Assets.xcassets in Resources */,
				357A4E5D1D636F8900CF6BD8 /* Main.storyboard in Resources */,
			);
			runOnlyForDeploymentPostprocessing = 0;
		};
/* End PBXResourcesBuildPhase section */

/* Begin PBXSourcesBuildPhase section */
		357A4E501D636F8900CF6BD8 /* Sources */ = {
			isa = PBXSourcesBuildPhase;
			buildActionMask = 2147483647;
			files = (
				357A4E5A1D636F8900CF6BD8 /* ViewController.swift in Sources */,
				357A4E581D636F8900CF6BD8 /* AppDelegate.swift in Sources */,
				357A4E6E1D6370F100CF6BD8 /* MYClass.swift in Sources */,
			);
			runOnlyForDeploymentPostprocessing = 0;
		};
/* End PBXSourcesBuildPhase section */

/* Begin PBXVariantGroup section */
		357A4E5B1D636F8900CF6BD8 /* Main.storyboard */ = {
			isa = PBXVariantGroup;
			children = (
				357A4E5C1D636F8900CF6BD8 /* Base */,
			);
			name = Main.storyboard;
			sourceTree = "<group>";
		};
		357A4E601D636F8900CF6BD8 /* LaunchScreen.storyboard */ = {
			isa = PBXVariantGroup;
			children = (
				357A4E611D636F8900CF6BD8 /* Base */,
			);
			name = LaunchScreen.storyboard;
			sourceTree = "<group>";
		};
/* End PBXVariantGroup section */

/* Begin XCBuildConfiguration section */
		357A4E641D636F8900CF6BD8 /* Debug */ = {
			isa = XCBuildConfiguration;
			buildSettings = {
				ALWAYS_SEARCH_USER_PATHS = NO;
				CLANG_ANALYZER_NONNULL = YES;
				CLANG_CXX_LANGUAGE_STANDARD = "gnu++0x";
				CLANG_CXX_LIBRARY = "libc++";
				CLANG_ENABLE_MODULES = YES;
				CLANG_ENABLE_OBJC_ARC = YES;
				CLANG_WARN_BOOL_CONVERSION = YES;
				CLANG_WARN_CONSTANT_CONVERSION = YES;
				CLANG_WARN_DIRECT_OBJC_ISA_USAGE = YES_ERROR;
				CLANG_WARN_DOCUMENTATION_COMMENTS = YES;
				CLANG_WARN_EMPTY_BODY = YES;
				CLANG_WARN_ENUM_CONVERSION = YES;
				CLANG_WARN_INFINITE_RECURSION = YES;
				CLANG_WARN_INT_CONVERSION = YES;
				CLANG_WARN_OBJC_ROOT_CLASS = YES_ERROR;
				CLANG_WARN_SUSPICIOUS_MOVES = YES;
				CLANG_WARN_UNREACHABLE_CODE = YES;
				CLANG_WARN__DUPLICATE_METHOD_MATCH = YES;
				"CODE_SIGN_IDENTITY[sdk=iphoneos*]" = "iPhone Developer";
				COPY_PHASE_STRIP = NO;
				DEBUG_INFORMATION_FORMAT = dwarf;
				ENABLE_STRICT_OBJC_MSGSEND = YES;
				ENABLE_TESTABILITY = YES;
				GCC_C_LANGUAGE_STANDARD = gnu99;
				GCC_DYNAMIC_NO_PIC = NO;
				GCC_NO_COMMON_BLOCKS = YES;
				GCC_OPTIMIZATION_LEVEL = 0;
				GCC_PREPROCESSOR_DEFINITIONS = (
					"DEBUG=1",
					"$(inherited)",
				);
				GCC_WARN_64_TO_32_BIT_CONVERSION = YES;
				GCC_WARN_ABOUT_RETURN_TYPE = YES_ERROR;
				GCC_WARN_UNDECLARED_SELECTOR = YES;
				GCC_WARN_UNINITIALIZED_AUTOS = YES_AGGRESSIVE;
				GCC_WARN_UNUSED_FUNCTION = YES;
				GCC_WARN_UNUSED_VARIABLE = YES;
				IPHONEOS_DEPLOYMENT_TARGET = 10.0;
				MTL_ENABLE_DEBUG_INFO = YES;
				ONLY_ACTIVE_ARCH = YES;
				SDKROOT = iphoneos;
				SWIFT_ACTIVE_COMPILATION_CONDITIONS = DEBUG;
				SWIFT_OPTIMIZATION_LEVEL = "-Onone";
				TARGETED_DEVICE_FAMILY = "1,2";
			};
			name = Debug;
		};
		357A4E651D636F8900CF6BD8 /* Release */ = {
			isa = XCBuildConfiguration;
			buildSettings = {
				ALWAYS_SEARCH_USER_PATHS = NO;
				CLANG_ANALYZER_NONNULL = YES;
				CLANG_CXX_LANGUAGE_STANDARD = "gnu++0x";
				CLANG_CXX_LIBRARY = "libc++";
				CLANG_ENABLE_MODULES = YES;
				CLANG_ENABLE_OBJC_ARC = YES;
				CLANG_WARN_BOOL_CONVERSION = YES;
				CLANG_WARN_CONSTANT_CONVERSION = YES;
				CLANG_WARN_DIRECT_OBJC_ISA_USAGE = YES_ERROR;
				CLANG_WARN_DOCUMENTATION_COMMENTS = YES;
				CLANG_WARN_EMPTY_BODY = YES;
				CLANG_WARN_ENUM_CONVERSION = YES;
				CLANG_WARN_INFINITE_RECURSION = YES;
				CLANG_WARN_INT_CONVERSION = YES;
				CLANG_WARN_OBJC_ROOT_CLASS = YES_ERROR;
				CLANG_WARN_SUSPICIOUS_MOVES = YES;
				CLANG_WARN_UNREACHABLE_CODE = YES;
				CLANG_WARN__DUPLICATE_METHOD_MATCH = YES;
				"CODE_SIGN_IDENTITY[sdk=iphoneos*]" = "iPhone Developer";
				COPY_PHASE_STRIP = NO;
				DEBUG_INFORMATION_FORMAT = "dwarf-with-dsym";
				ENABLE_NS_ASSERTIONS = NO;
				ENABLE_STRICT_OBJC_MSGSEND = YES;
				GCC_C_LANGUAGE_STANDARD = gnu99;
				GCC_NO_COMMON_BLOCKS = YES;
				GCC_WARN_64_TO_32_BIT_CONVERSION = YES;
				GCC_WARN_ABOUT_RETURN_TYPE = YES_ERROR;
				GCC_WARN_UNDECLARED_SELECTOR = YES;
				GCC_WARN_UNINITIALIZED_AUTOS = YES_AGGRESSIVE;
				GCC_WARN_UNUSED_FUNCTION = YES;
				GCC_WARN_UNUSED_VARIABLE = YES;
				IPHONEOS_DEPLOYMENT_TARGET = 10.0;
				MTL_ENABLE_DEBUG_INFO = NO;
				SDKROOT = iphoneos;
				SWIFT_OPTIMIZATION_LEVEL = "-Owholemodule";
				TARGETED_DEVICE_FAMILY = "1,2";
				VALIDATE_PRODUCT = YES;
			};
			name = Release;
		};
		357A4E671D636F8900CF6BD8 /* Debug */ = {
			isa = XCBuildConfiguration;
			buildSettings = {
				ASSETCATALOG_COMPILER_APPICON_NAME = AppIcon;
				DEVELOPMENT_TEAM = XXXHT7H8YN;
				INFOPLIST_FILE = projectB/Info.plist;
				LD_RUNPATH_SEARCH_PATHS = "$(inherited) @executable_path/Frameworks";
				PRODUCT_BUNDLE_IDENTIFIER = com.giant9.xcode8beta3.projectB;
				PRODUCT_NAME = "$(TARGET_NAME)";
				SWIFT_VERSION = 3.0;
			};
			name = Debug;
		};
		357A4E681D636F8900CF6BD8 /* Release */ = {
			isa = XCBuildConfiguration;
			buildSettings = {
				ASSETCATALOG_COMPILER_APPICON_NAME = AppIcon;
				DEVELOPMENT_TEAM = XXXHT7H8YN;
				INFOPLIST_FILE = projectB/Info.plist;
				LD_RUNPATH_SEARCH_PATHS = "$(inherited) @executable_path/Frameworks";
				PRODUCT_BUNDLE_IDENTIFIER = com.giant9.xcode8beta3.projectB;
				PRODUCT_NAME = "$(TARGET_NAME)";
				SWIFT_VERSION = 3.0;
			};
			name = Release;
		};
/* End XCBuildConfiguration section */

/* Begin XCConfigurationList section */
		357A4E4F1D636F8900CF6BD8 /* Build configuration list for PBXProject "projectB" */ = {
			isa = XCConfigurationList;
			buildConfigurations = (
				357A4E641D636F8900CF6BD8 /* Debug */,
				357A4E651D636F8900CF6BD8 /* Release */,
			);
			defaultConfigurationIsVisible = 0;
			defaultConfigurationName = Release;
		};
		357A4E661D636F8900CF6BD8 /* Build configuration list for PBXNativeTarget "projectB" */ = {
			isa = XCConfigurationList;
			buildConfigurations = (
				357A4E671D636F8900CF6BD8 /* Debug */,
				357A4E681D636F8900CF6BD8 /* Release */,
			);
			defaultConfigurationIsVisible = 0;
			defaultConfigurationName = Release;
		};
/* End XCConfigurationList section */
	};
	rootObject = 357A4E4C1D636F8900CF6BD8 /* Project object */;
}
