// !$*UTF8*$!
{
	archiveVersion = 1;
	classes = {
	};
	objectVersion = 46;
	objects = {

/* Begin PBXBuildFile section */
		3506BC481D437A0100C537F1 /* AppDelegate.swift in Sources */ = {isa = PBXBuildFile; fileRef = 3506BC471D437A0100C537F1 /* AppDelegate.swift */; };
		3506BC4A1D437A0200C537F1 /* ViewController.swift in Sources */ = {isa = PBXBuildFile; fileRef = 3506BC491D437A0200C537F1 /* ViewController.swift */; };
		3506BC4D1D437A0200C537F1 /* Main.storyboard in Resources */ = {isa = PBXBuildFile; fileRef = 3506BC4B1D437A0200C537F1 /* Main.storyboard */; };
		3506BC4F1D437A0200C537F1 /* Assets.xcassets in Resources */ = {isa = PBXBuildFile; fileRef = 3506BC4E1D437A0200C537F1 /* Assets.xcassets */; };
		3506BC521D437A0200C537F1 /* LaunchScreen.storyboard in Resources */ = {isa = PBXBuildFile; fileRef = 3506BC501D437A0200C537F1 /* LaunchScreen.storyboard */; };
/* End PBXBuildFile section */

/* Begin PBXFileReference section */
		3506BC441D437A0100C537F1 /* testguard.app */ = {isa = PBXFileReference; explicitFileType = wrapper.application; includeInIndex = 0; path = testguard.app; sourceTree = BUILT_PRODUCTS_DIR; };
		3506BC471D437A0100C537F1 /* AppDelegate.swift */ = {isa = PBXFileReference; lastKnownFileType = sourcecode.swift; path = AppDelegate.swift; sourceTree = "<group>"; };
		3506BC491D437A0200C537F1 /* ViewController.swift */ = {isa = PBXFileReference; lastKnownFileType = sourcecode.swift; path = ViewController.swift; sourceTree = "<group>"; };
		3506BC4C1D437A0200C537F1 /* Base */ = {isa = PBXFileReference; lastKnownFileType = file.storyboard; name = Base; path = Base.lproj/Main.storyboard; sourceTree = "<group>"; };
		3506BC4E1D437A0200C537F1 /* Assets.xcassets */ = {isa = PBXFileReference; lastKnownFileType = folder.assetcatalog; path = Assets.xcassets; sourceTree = "<group>"; };
		3506BC511D437A0200C537F1 /* Base */ = {isa = PBXFileReference; lastKnownFileType = file.storyboard; name = Base; path = Base.lproj/LaunchScreen.storyboard; sourceTree = "<group>"; };
		3506BC531D437A0200C537F1 /* Info.plist */ = {isa = PBXFileReference; lastKnownFileType = text.plist.xml; path = Info.plist; sourceTree = "<group>"; };
/* End PBXFileReference section */

/* Begin PBXFrameworksBuildPhase section */
		3506BC411D4379FF00C537F1 /* Frameworks */ = {
			isa = PBXFrameworksBuildPhase;
			buildActionMask = 2147483647;
			files = (
			);
			runOnlyForDeploymentPostprocessing = 0;
		};
/* End PBXFrameworksBuildPhase section */

/* Begin PBXGroup section */
		3506BC3B1D4379FE00C537F1 = {
			isa = PBXGroup;
			children = (
				3506BC461D437A0100C537F1 /* testguard */,
				3506BC451D437A0100C537F1 /* Products */,
			);
			sourceTree = "<group>";
		};
		3506BC451D437A0100C537F1 /* Products */ = {
			isa = PBXGroup;
			children = (
				3506BC441D437A0100C537F1 /* testguard.app */,
			);
			name = Products;
			sourceTree = "<group>";
		};
		3506BC461D437A0100C537F1 /* testguard */ = {
			isa = PBXGroup;
			children = (
				3506BC471D437A0100C537F1 /* AppDelegate.swift */,
				3506BC491D437A0200C537F1 /* ViewController.swift */,
				3506BC4B1D437A0200C537F1 /* Main.storyboard */,
				3506BC4E1D437A0200C537F1 /* Assets.xcassets */,
				3506BC501D437A0200C537F1 /* LaunchScreen.storyboard */,
				3506BC531D437A0200C537F1 /* Info.plist */,
			);
			path = testguard;
			sourceTree = "<group>";
		};
/* End PBXGroup section */

/* Begin PBXNativeTarget section */
		3506BC431D4379FF00C537F1 /* testguard */ = {
			isa = PBXNativeTarget;
			buildConfigurationList = 3506BC561D437A0200C537F1 /* Build configuration list for PBXNativeTarget "testguard" */;
			buildPhases = (
				3506BC401D4379FF00C537F1 /* Sources */,
				3506BC411D4379FF00C537F1 /* Frameworks */,
				3506BC421D4379FF00C537F1 /* Resources */,
			);
			buildRules = (
			);
			dependencies = (
			);
			name = testguard;
			productName = testguard;
			productReference = 3506BC441D437A0100C537F1 /* testguard.app */;
			productType = "com.apple.product-type.application";
		};
/* End PBXNativeTarget section */

/* Begin PBXProject section */
		3506BC3C1D4379FE00C537F1 /* Project object */ = {
			isa = PBXProject;
			attributes = {
				LastSwiftUpdateCheck = 0800;
				LastUpgradeCheck = 0800;
				ORGANIZATIONNAME = "Eakkasit Tunsakool";
				TargetAttributes = {
					3506BC431D4379FF00C537F1 = {
						CreatedOnToolsVersion = 8.0;
						DevelopmentTeam = XXXHT7H8YN;
						DevelopmentTeamName = "Eakkasit Tunsakool";
						ProvisioningStyle = Automatic;
					};
				};
			};
			buildConfigurationList = 3506BC3F1D4379FE00C537F1 /* Build configuration list for PBXProject "testguard" */;
			compatibilityVersion = "Xcode 3.2";
			developmentRegion = English;
			hasScannedForEncodings = 0;
			knownRegions = (
				en,
				Base,
			);
			mainGroup = 3506BC3B1D4379FE00C537F1;
			productRefGroup = 3506BC451D437A0100C537F1 /* Products */;
			projectDirPath = "";
			projectRoot = "";
			targets = (
				3506BC431D4379FF00C537F1 /* testguard */,
			);
		};
/* End PBXProject section */

/* Begin PBXResourcesBuildPhase section */
		3506BC421D4379FF00C537F1 /* Resources */ = {
			isa = PBXResourcesBuildPhase;
			buildActionMask = 2147483647;
			files = (
				3506BC521D437A0200C537F1 /* LaunchScreen.storyboard in Resources */,
				3506BC4F1D437A0200C537F1 /* Assets.xcassets in Resources */,
				3506BC4D1D437A0200C537F1 /* Main.storyboard in Resources */,
			);
			runOnlyForDeploymentPostprocessing = 0;
		};
/* End PBXResourcesBuildPhase section */

/* Begin PBXSourcesBuildPhase section */
		3506BC401D4379FF00C537F1 /* Sources */ = {
			isa = PBXSourcesBuildPhase;
			buildActionMask = 2147483647;
			files = (
				3506BC4A1D437A0200C537F1 /* ViewController.swift in Sources */,
				3506BC481D437A0100C537F1 /* AppDelegate.swift in Sources */,
			);
			runOnlyForDeploymentPostprocessing = 0;
		};
/* End PBXSourcesBuildPhase section */

/* Begin PBXVariantGroup section */
		3506BC4B1D437A0200C537F1 /* Main.storyboard */ = {
			isa = PBXVariantGroup;
			children = (
				3506BC4C1D437A0200C537F1 /* Base */,
			);
			name = Main.storyboard;
			sourceTree = "<group>";
		};
		3506BC501D437A0200C537F1 /* LaunchScreen.storyboard */ = {
			isa = PBXVariantGroup;
			children = (
				3506BC511D437A0200C537F1 /* Base */,
			);
			name = LaunchScreen.storyboard;
			sourceTree = "<group>";
		};
/* End PBXVariantGroup section */

/* Begin XCBuildConfiguration section */
		3506BC541D437A0200C537F1 /* Debug */ = {
			isa = XCBuildConfiguration;
			buildSettings = {
				ALWAYS_SEARCH_USER_PATHS = NO;
				CLANG_ANALYZER_NONNULL = YES;
				CLANG_CXX_LANGUAGE_STANDARD = "gnu++0x";
				CLANG_CXX_LIBRARY = "libc++";
				CLANG_ENABLE_MODULES = YES;
				CLANG_ENABLE_OBJC_ARC = YES;
				CLANG_WARN_BOOL_CONVERSION = YES;
				CLANG_WARN_CONSTANT_CONVERSION = YES;
				CLANG_WARN_DIRECT_OBJC_ISA_USAGE = YES_ERROR;
				CLANG_WARN_DOCUMENTATION_COMMENTS = YES;
				CLANG_WARN_EMPTY_BODY = YES;
				CLANG_WARN_ENUM_CONVERSION = YES;
				CLANG_WARN_INT_CONVERSION = YES;
				CLANG_WARN_OBJC_ROOT_CLASS = YES_ERROR;
				CLANG_WARN_UNREACHABLE_CODE = YES;
				CLANG_WARN__DUPLICATE_METHOD_MATCH = YES;
				"CODE_SIGN_IDENTITY[sdk=iphoneos*]" = "iPhone Developer";
				COPY_PHASE_STRIP = NO;
				DEBUG_INFORMATION_FORMAT = dwarf;
				ENABLE_STRICT_OBJC_MSGSEND = YES;
				ENABLE_TESTABILITY = YES;
				GCC_C_LANGUAGE_STANDARD = gnu99;
				GCC_DYNAMIC_NO_PIC = NO;
				GCC_NO_COMMON_BLOCKS = YES;
				GCC_OPTIMIZATION_LEVEL = 0;
				GCC_PREPROCESSOR_DEFINITIONS = (
					"DEBUG=1",
					"$(inherited)",
				);
				GCC_WARN_64_TO_32_BIT_CONVERSION = YES;
				GCC_WARN_ABOUT_RETURN_TYPE = YES_ERROR;
				GCC_WARN_UNDECLARED_SELECTOR = YES;
				GCC_WARN_UNINITIALIZED_AUTOS = YES_AGGRESSIVE;
				GCC_WARN_UNUSED_FUNCTION = YES;
				GCC_WARN_UNUSED_VARIABLE = YES;
				IPHONEOS_DEPLOYMENT_TARGET = 10.0;
				MTL_ENABLE_DEBUG_INFO = YES;
				ONLY_ACTIVE_ARCH = YES;
				SDKROOT = iphoneos;
				SWIFT_ACTIVE_COMPILATION_CONDITIONS = DEBUG;
				SWIFT_OPTIMIZATION_LEVEL = "-Onone";
				TARGETED_DEVICE_FAMILY = "1,2";
			};
			name = Debug;
		};
		3506BC551D437A0200C537F1 /* Release */ = {
			isa = XCBuildConfiguration;
			buildSettings = {
				ALWAYS_SEARCH_USER_PATHS = NO;
				CLANG_ANALYZER_NONNULL = YES;
				CLANG_CXX_LANGUAGE_STANDARD = "gnu++0x";
				CLANG_CXX_LIBRARY = "libc++";
				CLANG_ENABLE_MODULES = YES;
				CLANG_ENABLE_OBJC_ARC = YES;
				CLANG_WARN_BOOL_CONVERSION = YES;
				CLANG_WARN_CONSTANT_CONVERSION = YES;
				CLANG_WARN_DIRECT_OBJC_ISA_USAGE = YES_ERROR;
				CLANG_WARN_DOCUMENTATION_COMMENTS = YES;
				CLANG_WARN_EMPTY_BODY = YES;
				CLANG_WARN_ENUM_CONVERSION = YES;
				CLANG_WARN_INT_CONVERSION = YES;
				CLANG_WARN_OBJC_ROOT_CLASS = YES_ERROR;
				CLANG_WARN_UNREACHABLE_CODE = YES;
				CLANG_WARN__DUPLICATE_METHOD_MATCH = YES;
				"CODE_SIGN_IDENTITY[sdk=iphoneos*]" = "iPhone Developer";
				COPY_PHASE_STRIP = NO;
				DEBUG_INFORMATION_FORMAT = "dwarf-with-dsym";
				ENABLE_NS_ASSERTIONS = NO;
				ENABLE_STRICT_OBJC_MSGSEND = YES;
				GCC_C_LANGUAGE_STANDARD = gnu99;
				GCC_NO_COMMON_BLOCKS = YES;
				GCC_WARN_64_TO_32_BIT_CONVERSION = YES;
				GCC_WARN_ABOUT_RETURN_TYPE = YES_ERROR;
				GCC_WARN_UNDECLARED_SELECTOR = YES;
				GCC_WARN_UNINITIALIZED_AUTOS = YES_AGGRESSIVE;
				GCC_WARN_UNUSED_FUNCTION = YES;
				GCC_WARN_UNUSED_VARIABLE = YES;
				IPHONEOS_DEPLOYMENT_TARGET = 10.0;
				MTL_ENABLE_DEBUG_INFO = NO;
				SDKROOT = iphoneos;
				SWIFT_OPTIMIZATION_LEVEL = "-Owholemodule";
				TARGETED_DEVICE_FAMILY = "1,2";
				VALIDATE_PRODUCT = YES;
			};
			name = Release;
		};
		3506BC571D437A0200C537F1 /* Debug */ = {
			isa = XCBuildConfiguration;
			buildSettings = {
				ASSETCATALOG_COMPILER_APPICON_NAME = AppIcon;
				INFOPLIST_FILE = testguard/Info.plist;
				LD_RUNPATH_SEARCH_PATHS = "$(inherited) @executable_path/Frameworks";
				PRODUCT_BUNDLE_IDENTIFIER = com.giant9.testguard;
				PRODUCT_NAME = "$(TARGET_NAME)";
				SWIFT_VERSION = 3.0;
			};
			name = Debug;
		};
		3506BC581D437A0200C537F1 /* Release */ = {
			isa = XCBuildConfiguration;
			buildSettings = {
				ASSETCATALOG_COMPILER_APPICON_NAME = AppIcon;
				INFOPLIST_FILE = testguard/Info.plist;
				LD_RUNPATH_SEARCH_PATHS = "$(inherited) @executable_path/Frameworks";
				PRODUCT_BUNDLE_IDENTIFIER = com.giant9.testguard;
				PRODUCT_NAME = "$(TARGET_NAME)";
				SWIFT_VERSION = 3.0;
			};
			name = Release;
		};
/* End XCBuildConfiguration section */

/* Begin XCConfigurationList section */
		3506BC3F1D4379FE00C537F1 /* Build configuration list for PBXProject "testguard" */ = {
			isa = XCConfigurationList;
			buildConfigurations = (
				3506BC541D437A0200C537F1 /* Debug */,
				3506BC551D437A0200C537F1 /* Release */,
			);
			defaultConfigurationIsVisible = 0;
			defaultConfigurationName = Release;
		};
		3506BC561D437A0200C537F1 /* Build configuration list for PBXNativeTarget "testguard" */ = {
			isa = XCConfigurationList;
			buildConfigurations = (
				3506BC571D437A0200C537F1 /* Debug */,
				3506BC581D437A0200C537F1 /* Release */,
			);
			defaultConfigurationIsVisible = 0;
		};
/* End XCConfigurationList section */
	};
	rootObject = 3506BC3C1D4379FE00C537F1 /* Project object */;
}
